
Microsoft Visual Studio Solution File, Format Version 12.00
# Visual Studio Version 17
VisualStudioVersion = 17.0.31903.59
MinimumVisualStudioVersion = 10.0.40219.1
Project("{9A19103F-16F7-4668-BE54-9A1E7A4F7556}") = "Seclai", "src/Seclai/Seclai.csproj", "{3B6A0B4F-7D50-4D4A-9B27-A1D92B18F6E3}"
EndProject
Project("{9A19103F-16F7-4668-BE54-9A1E7A4F7556}") = "Seclai.Tests", "tests/Seclai.Tests/Seclai.Tests.csproj", "{7B9E0F25-8A9C-4B46-9A41-4057D45C8B6B}"
EndProject
Global
	GlobalSection(SolutionConfigurationPlatforms) = preSolution
		Debug|Any CPU = Debug|Any CPU
		Release|Any CPU = Release|Any CPU
	EndGlobalSection
	GlobalSection(ProjectConfigurationPlatforms) = postSolution
		{3B6A0B4F-7D50-4D4A-9B27-A1D92B18F6E3}.Debug|Any CPU.ActiveCfg = Debug|Any CPU
		{3B6A0B4F-7D50-4D4A-9B27-A1D92B18F6E3}.Debug|Any CPU.Build.0 = Debug|Any CPU
		{3B6A0B4F-7D50-4D4A-9B27-A1D92B18F6E3}.Release|Any CPU.ActiveCfg = Release|Any CPU
		{3B6A0B4F-7D50-4D4A-9B27-A1D92B18F6E3}.Release|Any CPU.Build.0 = Release|Any CPU
		{7B9E0F25-8A9C-4B46-9A41-4057D45C8B6B}.Debug|Any CPU.ActiveCfg = Debug|Any CPU
		{7B9E0F25-8A9C-4B46-9A41-4057D45C8B6B}.Debug|Any CPU.Build.0 = Debug|Any CPU
		{7B9E0F25-8A9C-4B46-9A41-4057D45C8B6B}.Release|Any CPU.ActiveCfg = Release|Any CPU
		{7B9E0F25-8A9C-4B46-9A41-4057D45C8B6B}.Release|Any CPU.Build.0 = Release|Any CPU
	EndGlobalSection
	GlobalSection(SolutionProperties) = preSolution
		HideSolutionNode = FALSE
	EndGlobalSection
EndGlobal
